Microsoft Visual Studio Solution File, Format Version 12.00
# Visual Studio Version 17
VisualStudioVersion = 17.5.2.0
MinimumVisualStudioVersion = 10.0.40219.1
Project("{2150E333-8FDC-42A3-9474-1A3956D46DE8}") = "samples", "samples", "{5D20AA90-6969-D8BD-9DCD-8634F4692FDA}"
EndProject
Project("{2150E333-8FDC-42A3-9474-1A3956D46DE8}") = "src", "src", "{827E0CD3-B72D-47B6-A68D-7590B98EB39B}"
EndProject
Project("{2150E333-8FDC-42A3-9474-1A3956D46DE8}") = "tests", "tests", "{0AB3BF05-4346-4AA6-1389-037BE0695223}"
EndProject
Project("{FAE04EC0-301F-11D3-BF4B-00C04F79EFBC}") = "MetricsDashboard", "samples\MetricsDashboard\MetricsDashboard.csproj", "{1EA41106-C3D8-2760-79D1-F3C76FF7DF52}"
EndProject
Project("{FAE04EC0-301F-11D3-BF4B-00C04F79EFBC}") = "LockFree.EventStore", "src\LockFree.EventStore\LockFree.EventStore.csproj", "{AA7A7C78-8895-689A-BA06-2D78317966F2}"
EndProject
Project("{FAE04EC0-301F-11D3-BF4B-00C04F79EFBC}") = "LockFree.EventStore.Tests", "tests\LockFree.EventStore.Tests\LockFree.EventStore.Tests.csproj", "{E746582D-9350-52E0-E21F-EC6D5FC1ABED}"
EndProject
Global
	GlobalSection(SolutionConfigurationPlatforms) = preSolution
		Debug|Any CPU = Debug|Any CPU
		Release|Any CPU = Release|Any CPU
	EndGlobalSection
	GlobalSection(ProjectConfigurationPlatforms) = postSolution
		{1EA41106-C3D8-2760-79D1-F3C76FF7DF52}.Debug|Any CPU.ActiveCfg = Debug|Any CPU
		{1EA41106-C3D8-2760-79D1-F3C76FF7DF52}.Debug|Any CPU.Build.0 = Debug|Any CPU
		{1EA41106-C3D8-2760-79D1-F3C76FF7DF52}.Release|Any CPU.ActiveCfg = Release|Any CPU
		{1EA41106-C3D8-2760-79D1-F3C76FF7DF52}.Release|Any CPU.Build.0 = Release|Any CPU
		{AA7A7C78-8895-689A-BA06-2D78317966F2}.Debug|Any CPU.ActiveCfg = Debug|Any CPU
		{AA7A7C78-8895-689A-BA06-2D78317966F2}.Debug|Any CPU.Build.0 = Debug|Any CPU
		{AA7A7C78-8895-689A-BA06-2D78317966F2}.Release|Any CPU.ActiveCfg = Release|Any CPU
		{AA7A7C78-8895-689A-BA06-2D78317966F2}.Release|Any CPU.Build.0 = Release|Any CPU
		{E746582D-9350-52E0-E21F-EC6D5FC1ABED}.Debug|Any CPU.ActiveCfg = Debug|Any CPU
		{E746582D-9350-52E0-E21F-EC6D5FC1ABED}.Debug|Any CPU.Build.0 = Debug|Any CPU
		{E746582D-9350-52E0-E21F-EC6D5FC1ABED}.Release|Any CPU.ActiveCfg = Release|Any CPU
		{E746582D-9350-52E0-E21F-EC6D5FC1ABED}.Release|Any CPU.Build.0 = Release|Any CPU
	EndGlobalSection
	GlobalSection(SolutionProperties) = preSolution
		HideSolutionNode = FALSE
	EndGlobalSection
	GlobalSection(NestedProjects) = preSolution
		{1EA41106-C3D8-2760-79D1-F3C76FF7DF52} = {5D20AA90-6969-D8BD-9DCD-8634F4692FDA}
		{AA7A7C78-8895-689A-BA06-2D78317966F2} = {827E0CD3-B72D-47B6-A68D-7590B98EB39B}
		{E746582D-9350-52E0-E21F-EC6D5FC1ABED} = {0AB3BF05-4346-4AA6-1389-037BE0695223}
	EndGlobalSection
	GlobalSection(ExtensibilityGlobals) = postSolution
		SolutionGuid = {AE084AA8-4AEB-4B15-8224-445EF72420A1}
	EndGlobalSection
EndGlobal
